
Microsoft Visual Studio Solution File, Format Version 12.00
# Visual Studio Version 17
VisualStudioVersion = 17.6.33815.320
MinimumVisualStudioVersion = 10.0.40219.1
Project("{FAE04EC0-301F-11D3-BF4B-00C04F79EFBC}") = "rancher-gmsa", "rancher-gmsa.csproj", "{7D57E9A1-E4A3-4623-A549-2B653240B874}"
EndProject
Global
	GlobalSection(SolutionConfigurationPlatforms) = preSolution
		Debug|Any CPU = Debug|Any CPU
		Release|Any CPU = Release|Any CPU
	EndGlobalSection
	GlobalSection(ProjectConfigurationPlatforms) = postSolution
		{7D57E9A1-E4A3-4623-A549-2B653240B874}.Debug|Any CPU.ActiveCfg = Debug|Any CPU
		{7D57E9A1-E4A3-4623-A549-2B653240B874}.Debug|Any CPU.Build.0 = Debug|Any CPU
		{7D57E9A1-E4A3-4623-A549-2B653240B874}.Release|Any CPU.ActiveCfg = Release|Any CPU
		{7D57E9A1-E4A3-4623-A549-2B653240B874}.Release|Any CPU.Build.0 = Release|Any CPU
	EndGlobalSection
	GlobalSection(SolutionProperties) = preSolution
		HideSolutionNode = FALSE
	EndGlobalSection
	GlobalSection(ExtensibilityGlobals) = postSolution
		SolutionGuid = {5D2B435B-4F78-4C00-A8EA-A0CB7A2DD72D}
	EndGlobalSection
EndGlobal
